{
  "version": 4,
  "terraform_version": "0.12.25",
  "serial": 4,
  "lineage": "e903f6ed-0edc-eeed-4c93-5c1529a1df7f",
  "outputs": {
    "raddit_public_ip": {
      "value": "34.78.235.169",
      "type": "string"
    }
  },
  "resources": [
    {
      "mode": "managed",
      "type": "google_compute_firewall",
      "name": "raddit",
      "provider": "provider.google",
      "instances": [
        {
          "schema_version": 1,
          "attributes": {
            "allow": [
              {
                "ports": [
                  "9292"
                ],
                "protocol": "tcp"
              }
            ],
            "creation_timestamp": "2020-05-19T00:17:45.404-07:00",
            "deny": [],
            "description": "",
            "destination_ranges": [],
            "direction": "INGRESS",
            "disabled": false,
            "enable_logging": false,
            "id": "projects/hazel-sky-277320/global/firewalls/allow-raddit-tcp-9292",
            "name": "allow-raddit-tcp-9292",
            "network": "https://www.googleapis.com/compute/v1/projects/hazel-sky-277320/global/networks/default",
            "priority": 1000,
            "project": "hazel-sky-277320",
            "self_link": "https://www.googleapis.com/compute/v1/projects/hazel-sky-277320/global/firewalls/allow-raddit-tcp-9292",
            "source_ranges": [
              "0.0.0.0/0"
            ],
            "source_service_accounts": null,
            "source_tags": null,
            "target_service_accounts": null,
            "target_tags": null,
            "timeouts": null
          },
          "private": "eyJlMmJmYjczMC1lY2FhLTExZTYtOGY4OC0zNDM2M2JjN2M0YzAiOnsiY3JlYXRlIjoyNDAwMDAwMDAwMDAsImRlbGV0ZSI6MjQwMDAwMDAwMDAwLCJ1cGRhdGUiOjI0MDAwMDAwMDAwMH0sInNjaGVtYV92ZXJzaW9uIjoiMSJ9"
        }
      ]
    },
    {
      "mode": "managed",
      "type": "google_compute_instance",
      "name": "raddit",
      "provider": "provider.google",
      "instances": [
        {
          "schema_version": 6,
          "attributes": {
            "allow_stopping_for_update": null,
            "attached_disk": [],
            "boot_disk": [
              {
                "auto_delete": true,
                "device_name": "persistent-disk-0",
                "disk_encryption_key_raw": "",
                "disk_encryption_key_sha256": "",
                "initialize_params": [
                  {
                    "image": "https://www.googleapis.com/compute/v1/projects/hazel-sky-277320/global/images/raddit-base-20200516-220526",
                    "labels": {},
                    "size": 10,
                    "type": "pd-standard"
                  }
                ],
                "kms_key_self_link": "",
                "mode": "READ_WRITE",
                "source": "https://www.googleapis.com/compute/v1/projects/hazel-sky-277320/zones/europe-west1-b/disks/raddit-instance"
              }
            ],
            "can_ip_forward": false,
            "cpu_platform": "Intel Haswell",
            "current_status": "RUNNING",
            "deletion_protection": false,
            "description": "",
            "desired_status": null,
            "enable_display": false,
            "guest_accelerator": [],
            "hostname": "",
            "id": "projects/hazel-sky-277320/zones/europe-west1-b/instances/raddit-instance",
            "instance_id": "3865578513967758104",
            "label_fingerprint": "42WmSpB8rSM=",
            "labels": {},
            "machine_type": "n1-standard-1",
            "metadata": {
              "enable-oslogin": "TRUE",
              "startup-script": "#!/bin/bash\n\nset -e\n\n# Клонируем стабильную версию приложения\n\ngit clone https://github.com/upsysops/raddit.git /home/vagrant/raddit/\n\n# Устанавливаем зависимости\n\ncd /home/vagrant/raddit\n\nbundle install\n\n# Запускаем сервис приложения и добавляем в автозагрузку\n\nsudo systemctl start raddit\n\nsudo systemctl enable raddit\n"
            },
            "metadata_fingerprint": "qUSBhOZUle8=",
            "metadata_startup_script": null,
            "min_cpu_platform": "",
            "name": "raddit-instance",
            "network_interface": [
              {
                "access_config": [
                  {
                    "nat_ip": "34.78.235.169",
                    "network_tier": "PREMIUM",
                    "public_ptr_domain_name": ""
                  }
                ],
                "alias_ip_range": [],
                "name": "nic0",
                "network": "https://www.googleapis.com/compute/v1/projects/hazel-sky-277320/global/networks/default",
                "network_ip": "10.132.0.4",
                "subnetwork": "https://www.googleapis.com/compute/v1/projects/hazel-sky-277320/regions/europe-west1/subnetworks/default",
                "subnetwork_project": "hazel-sky-277320"
              }
            ],
            "project": "hazel-sky-277320",
            "resource_policies": [],
            "scheduling": [
              {
                "automatic_restart": true,
                "node_affinities": [],
                "on_host_maintenance": "MIGRATE",
                "preemptible": false
              }
            ],
            "scratch_disk": [],
            "self_link": "https://www.googleapis.com/compute/v1/projects/hazel-sky-277320/zones/europe-west1-b/instances/raddit-instance",
            "service_account": [],
            "shielded_instance_config": [
              {
                "enable_integrity_monitoring": true,
                "enable_secure_boot": false,
                "enable_vtpm": true
              }
            ],
            "tags": [],
            "tags_fingerprint": "42WmSpB8rSM=",
            "timeouts": null,
            "zone": "europe-west1-b"
          },
          "private": "eyJlMmJmYjczMC1lY2FhLTExZTYtOGY4OC0zNDM2M2JjN2M0YzAiOnsiY3JlYXRlIjoxMjAwMDAwMDAwMDAwLCJkZWxldGUiOjEyMDAwMDAwMDAwMDAsInVwZGF0ZSI6MTIwMDAwMDAwMDAwMH0sInNjaGVtYV92ZXJzaW9uIjoiNiJ9"
        }
      ]
    }
  ]
}
